
Microsoft Visual Studio Solution File, Format Version 12.00
# Visual Studio 15
VisualStudioVersion = 15.0.28307.1401
MinimumVisualStudioVersion = 10.0.40219.1
Project("{FAE04EC0-301F-11D3-BF4B-00C04F79EFBC}") = "WindowsLoginApp.Android", "WindowsLoginApp\WindowsLoginApp.Android\WindowsLoginApp.Android.csproj", "{EE6C0BA4-02E2-449B-B015-881F778A27EF}"
EndProject
Project("{9A19103F-16F7-4668-BE54-9A1E7A4F7556}") = "WindowsLoginApp", "WindowsLoginApp\WindowsLoginApp\WindowsLoginApp.csproj", "{EB569C67-E16C-4937-9D9E-47C8DD787CC6}"
EndProject
Global
	GlobalSection(SolutionConfigurationPlatforms) = preSolution
		Debug|Any CPU = Debug|Any CPU
		Release|Any CPU = Release|Any CPU
	EndGlobalSection
	GlobalSection(ProjectConfigurationPlatforms) = postSolution
		{EE6C0BA4-02E2-449B-B015-881F778A27EF}.Debug|Any CPU.ActiveCfg = Debug|Any CPU
		{EE6C0BA4-02E2-449B-B015-881F778A27EF}.Debug|Any CPU.Build.0 = Debug|Any CPU
		{EE6C0BA4-02E2-449B-B015-881F778A27EF}.Debug|Any CPU.Deploy.0 = Debug|Any CPU
		{EE6C0BA4-02E2-449B-B015-881F778A27EF}.Release|Any CPU.ActiveCfg = Release|Any CPU
		{EE6C0BA4-02E2-449B-B015-881F778A27EF}.Release|Any CPU.Build.0 = Release|Any CPU
		{EE6C0BA4-02E2-449B-B015-881F778A27EF}.Release|Any CPU.Deploy.0 = Release|Any CPU
		{EB569C67-E16C-4937-9D9E-47C8DD787CC6}.Debug|Any CPU.ActiveCfg = Debug|Any CPU
		{EB569C67-E16C-4937-9D9E-47C8DD787CC6}.Debug|Any CPU.Build.0 = Debug|Any CPU
		{EB569C67-E16C-4937-9D9E-47C8DD787CC6}.Release|Any CPU.ActiveCfg = Release|Any CPU
		{EB569C67-E16C-4937-9D9E-47C8DD787CC6}.Release|Any CPU.Build.0 = Release|Any CPU
	EndGlobalSection
	GlobalSection(SolutionProperties) = preSolution
		HideSolutionNode = FALSE
	EndGlobalSection
	GlobalSection(ExtensibilityGlobals) = postSolution
		SolutionGuid = {38CC4505-29FB-45C1-950E-231018BE4148}
	EndGlobalSection
EndGlobal
